
Microsoft Visual Studio Solution File, Format Version 12.00
# Visual Studio Version 17
VisualStudioVersion = 17.3.32819.101
MinimumVisualStudioVersion = 10.0.40219.1
Project("{FAE04EC0-301F-11D3-BF4B-00C04F79EFBC}") = "TruckingSystem-V3", "TruckingSystem-V3\TruckingSystem-V3.csproj", "{EE531255-C163-4DDD-AC30-E9B9448ED873}"
EndProject
Global
	GlobalSection(SolutionConfigurationPlatforms) = preSolution
		Debug|Any CPU = Debug|Any CPU
		Release|Any CPU = Release|Any CPU
	EndGlobalSection
	GlobalSection(ProjectConfigurationPlatforms) = postSolution
		{EE531255-C163-4DDD-AC30-E9B9448ED873}.Debug|Any CPU.ActiveCfg = Debug|Any CPU
		{EE531255-C163-4DDD-AC30-E9B9448ED873}.Debug|Any CPU.Build.0 = Debug|Any CPU
		{EE531255-C163-4DDD-AC30-E9B9448ED873}.Release|Any CPU.ActiveCfg = Release|Any CPU
		{EE531255-C163-4DDD-AC30-E9B9448ED873}.Release|Any CPU.Build.0 = Release|Any CPU
	EndGlobalSection
	GlobalSection(SolutionProperties) = preSolution
		HideSolutionNode = FALSE
	EndGlobalSection
	GlobalSection(ExtensibilityGlobals) = postSolution
		SolutionGuid = {DC2E71A3-573A-4129-A60E-F3C6C8A32005}
	EndGlobalSection
EndGlobal
